
Microsoft Visual Studio Solution File, Format Version 12.00
# Visual Studio 2013
VisualStudioVersion = 12.0.31101.0
MinimumVisualStudioVersion = 10.0.40219.1
Project("{FAE04EC0-301F-11D3-BF4B-00C04F79EFBC}") = "DocNet.Core", "DocNet.Core\DocNet.Core.csproj", "{9ACAA3C1-D558-4FDE-830F-85881F7E8C7B}"
EndProject
Project("{2150E333-8FDC-42A3-9474-1A3956D46DE8}") = "Tests", "Tests", "{DDF9786F-9233-49AD-B7BC-D3C6C4C99836}"
EndProject
Project("{FAE04EC0-301F-11D3-BF4B-00C04F79EFBC}") = "DummyInputProject", "Tests\DummyInputProject\DummyInputProject.csproj", "{94E7D27F-7509-4B90-9907-7D070516F078}"
EndProject
Project("{FAE04EC0-301F-11D3-BF4B-00C04F79EFBC}") = "DocNet.Configuration", "DocNet.Configuration\DocNet.Configuration.csproj", "{A415CB3F-7EA6-40AC-8478-1D7922E1EF8F}"
EndProject
Project("{FAE04EC0-301F-11D3-BF4B-00C04F79EFBC}") = "DocNet.Commands", "DocNet.Commands\DocNet.Commands.csproj", "{7521ED33-2811-49F5-939A-2FE7606B2004}"
EndProject
Project("{FAE04EC0-301F-11D3-BF4B-00C04F79EFBC}") = "DocNet.Core.Parsers.Tests", "Tests\DocNet.Core.Parsers.Tests\DocNet.Core.Parsers.Tests.csproj", "{04388DD1-D106-4923-BF15-E45BEF4EFDF5}"
EndProject
Project("{FAE04EC0-301F-11D3-BF4B-00C04F79EFBC}") = "DocNet.Core.Markup.Tests", "Tests\DocNet.Core.Markup.Tests\DocNet.Core.Markup.Tests.csproj", "{59381A4F-BCCF-4D72-AB7D-98B8A0B9B6A7}"
EndProject
Project("{FAE04EC0-301F-11D3-BF4B-00C04F79EFBC}") = "DocNet.Core.IO.Tests", "Tests\DocNet.Core.IO.Tests\DocNet.Core.IO.Tests.csproj", "{FB84BB37-A7F5-41B4-8CF7-DB8F5F18D9DD}"
EndProject
Project("{FAE04EC0-301F-11D3-BF4B-00C04F79EFBC}") = "DocNet.Commands.Tests", "Tests\DocNet.Commands.Tests\DocNet.Commands.Tests.csproj", "{0FB77F25-8055-46F8-89A5-4419961C3219}"
EndProject
Project("{2150E333-8FDC-42A3-9474-1A3956D46DE8}") = ".global", ".global", "{B18D49A3-20D2-4414-B5B0-C3929703E8BE}"
	ProjectSection(SolutionItems) = preProject
		.global\DocNet.ruleset = .global\DocNet.ruleset
		.global\DocNet.Tests.ruleset = .global\DocNet.Tests.ruleset
		.global\GlobalAssemblyInfo.cs = .global\GlobalAssemblyInfo.cs
		.global\log4net.config = .global\log4net.config
	EndProjectSection
EndProject
Project("{FAE04EC0-301F-11D3-BF4B-00C04F79EFBC}") = "DocNet.Console", "DocNet.Console\DocNet.Console.csproj", "{B91953F7-BD77-415F-8D0E-DB57DBA1944E}"
EndProject
Global
	GlobalSection(SolutionConfigurationPlatforms) = preSolution
		Debug|Any CPU = Debug|Any CPU
		Release|Any CPU = Release|Any CPU
	EndGlobalSection
	GlobalSection(ProjectConfigurationPlatforms) = postSolution
		{9ACAA3C1-D558-4FDE-830F-85881F7E8C7B}.Debug|Any CPU.ActiveCfg = Debug|Any CPU
		{9ACAA3C1-D558-4FDE-830F-85881F7E8C7B}.Debug|Any CPU.Build.0 = Debug|Any CPU
		{9ACAA3C1-D558-4FDE-830F-85881F7E8C7B}.Release|Any CPU.ActiveCfg = Release|Any CPU
		{9ACAA3C1-D558-4FDE-830F-85881F7E8C7B}.Release|Any CPU.Build.0 = Release|Any CPU
		{94E7D27F-7509-4B90-9907-7D070516F078}.Debug|Any CPU.ActiveCfg = Debug|Any CPU
		{94E7D27F-7509-4B90-9907-7D070516F078}.Debug|Any CPU.Build.0 = Debug|Any CPU
		{94E7D27F-7509-4B90-9907-7D070516F078}.Release|Any CPU.ActiveCfg = Release|Any CPU
		{94E7D27F-7509-4B90-9907-7D070516F078}.Release|Any CPU.Build.0 = Release|Any CPU
		{A415CB3F-7EA6-40AC-8478-1D7922E1EF8F}.Debug|Any CPU.ActiveCfg = Debug|Any CPU
		{A415CB3F-7EA6-40AC-8478-1D7922E1EF8F}.Debug|Any CPU.Build.0 = Debug|Any CPU
		{A415CB3F-7EA6-40AC-8478-1D7922E1EF8F}.Release|Any CPU.ActiveCfg = Release|Any CPU
		{A415CB3F-7EA6-40AC-8478-1D7922E1EF8F}.Release|Any CPU.Build.0 = Release|Any CPU
		{7521ED33-2811-49F5-939A-2FE7606B2004}.Debug|Any CPU.ActiveCfg = Debug|Any CPU
		{7521ED33-2811-49F5-939A-2FE7606B2004}.Debug|Any CPU.Build.0 = Debug|Any CPU
		{7521ED33-2811-49F5-939A-2FE7606B2004}.Release|Any CPU.ActiveCfg = Release|Any CPU
		{7521ED33-2811-49F5-939A-2FE7606B2004}.Release|Any CPU.Build.0 = Release|Any CPU
		{04388DD1-D106-4923-BF15-E45BEF4EFDF5}.Debug|Any CPU.ActiveCfg = Debug|Any CPU
		{04388DD1-D106-4923-BF15-E45BEF4EFDF5}.Debug|Any CPU.Build.0 = Debug|Any CPU
		{04388DD1-D106-4923-BF15-E45BEF4EFDF5}.Release|Any CPU.ActiveCfg = Release|Any CPU
		{04388DD1-D106-4923-BF15-E45BEF4EFDF5}.Release|Any CPU.Build.0 = Release|Any CPU
		{59381A4F-BCCF-4D72-AB7D-98B8A0B9B6A7}.Debug|Any CPU.ActiveCfg = Debug|Any CPU
		{59381A4F-BCCF-4D72-AB7D-98B8A0B9B6A7}.Debug|Any CPU.Build.0 = Debug|Any CPU
		{59381A4F-BCCF-4D72-AB7D-98B8A0B9B6A7}.Release|Any CPU.ActiveCfg = Release|Any CPU
		{59381A4F-BCCF-4D72-AB7D-98B8A0B9B6A7}.Release|Any CPU.Build.0 = Release|Any CPU
		{FB84BB37-A7F5-41B4-8CF7-DB8F5F18D9DD}.Debug|Any CPU.ActiveCfg = Debug|Any CPU
		{FB84BB37-A7F5-41B4-8CF7-DB8F5F18D9DD}.Debug|Any CPU.Build.0 = Debug|Any CPU
		{FB84BB37-A7F5-41B4-8CF7-DB8F5F18D9DD}.Release|Any CPU.ActiveCfg = Release|Any CPU
		{FB84BB37-A7F5-41B4-8CF7-DB8F5F18D9DD}.Release|Any CPU.Build.0 = Release|Any CPU
		{0FB77F25-8055-46F8-89A5-4419961C3219}.Debug|Any CPU.ActiveCfg = Debug|Any CPU
		{0FB77F25-8055-46F8-89A5-4419961C3219}.Debug|Any CPU.Build.0 = Debug|Any CPU
		{0FB77F25-8055-46F8-89A5-4419961C3219}.Release|Any CPU.ActiveCfg = Release|Any CPU
		{0FB77F25-8055-46F8-89A5-4419961C3219}.Release|Any CPU.Build.0 = Release|Any CPU
		{B91953F7-BD77-415F-8D0E-DB57DBA1944E}.Debug|Any CPU.ActiveCfg = Debug|Any CPU
		{B91953F7-BD77-415F-8D0E-DB57DBA1944E}.Debug|Any CPU.Build.0 = Debug|Any CPU
		{B91953F7-BD77-415F-8D0E-DB57DBA1944E}.Release|Any CPU.ActiveCfg = Release|Any CPU
		{B91953F7-BD77-415F-8D0E-DB57DBA1944E}.Release|Any CPU.Build.0 = Release|Any CPU
	EndGlobalSection
	GlobalSection(SolutionProperties) = preSolution
		HideSolutionNode = FALSE
	EndGlobalSection
	GlobalSection(NestedProjects) = preSolution
		{94E7D27F-7509-4B90-9907-7D070516F078} = {DDF9786F-9233-49AD-B7BC-D3C6C4C99836}
		{04388DD1-D106-4923-BF15-E45BEF4EFDF5} = {DDF9786F-9233-49AD-B7BC-D3C6C4C99836}
		{59381A4F-BCCF-4D72-AB7D-98B8A0B9B6A7} = {DDF9786F-9233-49AD-B7BC-D3C6C4C99836}
		{FB84BB37-A7F5-41B4-8CF7-DB8F5F18D9DD} = {DDF9786F-9233-49AD-B7BC-D3C6C4C99836}
		{0FB77F25-8055-46F8-89A5-4419961C3219} = {DDF9786F-9233-49AD-B7BC-D3C6C4C99836}
	EndGlobalSection
EndGlobal
