
Microsoft Visual Studio Solution File, Format Version 12.00
# Visual Studio 2013
VisualStudioVersion = 12.0.31101.0
MinimumVisualStudioVersion = 10.0.40219.1
Project("{FAE04EC0-301F-11D3-BF4B-00C04F79EFBC}") = "DocNet.Core", "DocNet.Core\DocNet.Core.csproj", "{9ACAA3C1-D558-4FDE-830F-85881F7E8C7B}"
EndProject
Project("{2150E333-8FDC-42A3-9474-1A3956D46DE8}") = "Tests", "Tests", "{DDF9786F-9233-49AD-B7BC-D3C6C4C99836}"
EndProject
Project("{FAE04EC0-301F-11D3-BF4B-00C04F79EFBC}") = "DummyInputProject", "Tests\DummyInputProject\DummyInputProject.csproj", "{94E7D27F-7509-4B90-9907-7D070516F078}"
EndProject
Project("{2150E333-8FDC-42A3-9474-1A3956D46DE8}") = ".global", ".global", "{B18D49A3-20D2-4414-B5B0-C3929703E8BE}"
	ProjectSection(SolutionItems) = preProject
		.global\CustomDictionary.xml = .global\CustomDictionary.xml
		.global\DocNet.ruleset = .global\DocNet.ruleset
		.global\DocNet.Tests.ruleset = .global\DocNet.Tests.ruleset
		.global\GlobalAssemblyInfo.cs = .global\GlobalAssemblyInfo.cs
		.global\log4net.config = .global\log4net.config
	EndProjectSection
EndProject
Project("{FAE04EC0-301F-11D3-BF4B-00C04F79EFBC}") = "DocNet.Console", "DocNet.Console\DocNet.Console.csproj", "{B91953F7-BD77-415F-8D0E-DB57DBA1944E}"
EndProject
Project("{FAE04EC0-301F-11D3-BF4B-00C04F79EFBC}") = "DocNet.Core.Tests", "Tests\DocNet.Core.Tests\DocNet.Core.Tests.csproj", "{04388DD1-D106-4923-BF15-E45BEF4EFDF5}"
EndProject
Project("{2150E333-8FDC-42A3-9474-1A3956D46DE8}") = "TestData", "TestData", "{BD13E37E-243C-4551-A5EF-C2DD7A85E8C8}"
	ProjectSection(SolutionItems) = preProject
		Tests\TestData\SimpleMultiNamespaceFile.cs = Tests\TestData\SimpleMultiNamespaceFile.cs
		Tests\TestData\SimpleNestedElementFile.cs = Tests\TestData\SimpleNestedElementFile.cs
	EndProjectSection
EndProject
Global
	GlobalSection(SolutionConfigurationPlatforms) = preSolution
		Debug|Any CPU = Debug|Any CPU
		Release|Any CPU = Release|Any CPU
	EndGlobalSection
	GlobalSection(ProjectConfigurationPlatforms) = postSolution
		{9ACAA3C1-D558-4FDE-830F-85881F7E8C7B}.Debug|Any CPU.ActiveCfg = Debug|Any CPU
		{9ACAA3C1-D558-4FDE-830F-85881F7E8C7B}.Debug|Any CPU.Build.0 = Debug|Any CPU
		{9ACAA3C1-D558-4FDE-830F-85881F7E8C7B}.Release|Any CPU.ActiveCfg = Release|Any CPU
		{9ACAA3C1-D558-4FDE-830F-85881F7E8C7B}.Release|Any CPU.Build.0 = Release|Any CPU
		{94E7D27F-7509-4B90-9907-7D070516F078}.Debug|Any CPU.ActiveCfg = Debug|Any CPU
		{94E7D27F-7509-4B90-9907-7D070516F078}.Debug|Any CPU.Build.0 = Debug|Any CPU
		{94E7D27F-7509-4B90-9907-7D070516F078}.Release|Any CPU.ActiveCfg = Release|Any CPU
		{94E7D27F-7509-4B90-9907-7D070516F078}.Release|Any CPU.Build.0 = Release|Any CPU
		{B91953F7-BD77-415F-8D0E-DB57DBA1944E}.Debug|Any CPU.ActiveCfg = Debug|Any CPU
		{B91953F7-BD77-415F-8D0E-DB57DBA1944E}.Debug|Any CPU.Build.0 = Debug|Any CPU
		{B91953F7-BD77-415F-8D0E-DB57DBA1944E}.Release|Any CPU.ActiveCfg = Release|Any CPU
		{B91953F7-BD77-415F-8D0E-DB57DBA1944E}.Release|Any CPU.Build.0 = Release|Any CPU
		{04388DD1-D106-4923-BF15-E45BEF4EFDF5}.Debug|Any CPU.ActiveCfg = Debug|Any CPU
		{04388DD1-D106-4923-BF15-E45BEF4EFDF5}.Debug|Any CPU.Build.0 = Debug|Any CPU
		{04388DD1-D106-4923-BF15-E45BEF4EFDF5}.Release|Any CPU.ActiveCfg = Release|Any CPU
		{04388DD1-D106-4923-BF15-E45BEF4EFDF5}.Release|Any CPU.Build.0 = Release|Any CPU
	EndGlobalSection
	GlobalSection(SolutionProperties) = preSolution
		HideSolutionNode = FALSE
	EndGlobalSection
	GlobalSection(NestedProjects) = preSolution
		{94E7D27F-7509-4B90-9907-7D070516F078} = {DDF9786F-9233-49AD-B7BC-D3C6C4C99836}
		{04388DD1-D106-4923-BF15-E45BEF4EFDF5} = {DDF9786F-9233-49AD-B7BC-D3C6C4C99836}
		{BD13E37E-243C-4551-A5EF-C2DD7A85E8C8} = {DDF9786F-9233-49AD-B7BC-D3C6C4C99836}
	EndGlobalSection
EndGlobal
